{
  "name": "telebugs-axi",
  "version": "0.1.0",
  "lockfileVersion": 3,
  "requires": true,
  "packages": {
    "": {
      "name": "telebugs-axi",
      "version": "0.1.0",
      "dependencies": {
        "@toon-format/toon": "4.1.1",
        "axi-sdk-js": "0.1.11"
      },
      "bin": {
        "telebugs-axi": "bin/telebugs-axi.js",
        "telebugs-axi-session": "bin/telebugs-axi-session.js"
      },
      "engines": {
        "node": ">=22"
      }
    },
    "node_modules/@toon-format/toon": {
      "version": "4.1.1",
      "resolved": "https://registry.npmjs.org/@toon-format/toon/-/toon-4.1.1.tgz",
      "integrity": "sha512-SGCkS7IjVpwRmGPgnY8ENKpAf0EdAnZDOQkvFW0d2cgOpdn9FEFl7sTgryESyypXrWr0YajHGpwsAUX4zw9ZvA==",
      "license": "MIT"
    },
    "node_modules/axi-sdk-js": {
      "version": "0.1.11",
      "resolved": "https://registry.npmjs.org/axi-sdk-js/-/axi-sdk-js-0.1.11.tgz",
      "integrity": "sha512-ksACrhe4GdsIK/TfPz8P0iA8NmiRFQ43zu3/HM7NGPv7s1+xKUsupufXntedR4YxM23S2zMPJyLvn/jS/wZyBg==",
      "license": "MIT",
      "dependencies": {
        "@toon-format/toon": "^2.1.0"
      },
      "engines": {
        "node": ">=20"
      }
    }
  }
}
